
Microsoft Visual Studio Solution File, Format Version 12.00
# Visual Studio Version 16
VisualStudioVersion = 16.0.29728.190
MinimumVisualStudioVersion = 10.0.40219.1
Project("{6EC3EE1D-3C4E-46DD-8F32-0CC8E7565705}") = "Tools.Test", "Tools.Test\Tools.Test.fsproj", "{F2FB6AD3-E158-41AA-84F2-4EA4ACDA1FA5}"
EndProject
Project("{6EC3EE1D-3C4E-46DD-8F32-0CC8E7565705}") = "Tools", "Tools\Tools.fsproj", "{8A0361B8-FD47-4748-A96C-32C0A4EF16DA}"
EndProject
Global
	GlobalSection(SolutionConfigurationPlatforms) = preSolution
		Debug|Any CPU = Debug|Any CPU
		Release|Any CPU = Release|Any CPU
	EndGlobalSection
	GlobalSection(ProjectConfigurationPlatforms) = postSolution
		{F2FB6AD3-E158-41AA-84F2-4EA4ACDA1FA5}.Debug|Any CPU.ActiveCfg = Debug|Any CPU
		{F2FB6AD3-E158-41AA-84F2-4EA4ACDA1FA5}.Debug|Any CPU.Build.0 = Debug|Any CPU
		{F2FB6AD3-E158-41AA-84F2-4EA4ACDA1FA5}.Release|Any CPU.ActiveCfg = Release|Any CPU
		{F2FB6AD3-E158-41AA-84F2-4EA4ACDA1FA5}.Release|Any CPU.Build.0 = Release|Any CPU
		{8A0361B8-FD47-4748-A96C-32C0A4EF16DA}.Debug|Any CPU.ActiveCfg = Debug|Any CPU
		{8A0361B8-FD47-4748-A96C-32C0A4EF16DA}.Debug|Any CPU.Build.0 = Debug|Any CPU
		{8A0361B8-FD47-4748-A96C-32C0A4EF16DA}.Release|Any CPU.ActiveCfg = Release|Any CPU
		{8A0361B8-FD47-4748-A96C-32C0A4EF16DA}.Release|Any CPU.Build.0 = Release|Any CPU
	EndGlobalSection
	GlobalSection(SolutionProperties) = preSolution
		HideSolutionNode = FALSE
	EndGlobalSection
	GlobalSection(ExtensibilityGlobals) = postSolution
		SolutionGuid = {212533F2-388F-4F0F-9951-F4A27DAFA80A}
	EndGlobalSection
EndGlobal
